
Microsoft Visual Studio Solution File, Format Version 12.00
Project("{FAE04EC0-301F-11D3-BF4B-00C04F79EFBC}") = "RiotLauncher", "RiotLauncher\RiotLauncher.csproj", "{72273125-FB9D-4C60-A811-5C8EA75CFA1A}"
EndProject
Global
	GlobalSection(SolutionConfigurationPlatforms) = preSolution
		Debug|Any CPU = Debug|Any CPU
		Release|Any CPU = Release|Any CPU
	EndGlobalSection
	GlobalSection(ProjectConfigurationPlatforms) = postSolution
		{72273125-FB9D-4C60-A811-5C8EA75CFA1A}.Debug|Any CPU.ActiveCfg = Debug|Any CPU
		{72273125-FB9D-4C60-A811-5C8EA75CFA1A}.Debug|Any CPU.Build.0 = Debug|Any CPU
		{72273125-FB9D-4C60-A811-5C8EA75CFA1A}.Release|Any CPU.ActiveCfg = Release|Any CPU
		{72273125-FB9D-4C60-A811-5C8EA75CFA1A}.Release|Any CPU.Build.0 = Release|Any CPU
	EndGlobalSection
EndGlobal
